
Microsoft Visual Studio Solution File, Format Version 12.00
# Visual Studio Version 17
VisualStudioVersion = 17.3.32825.248
MinimumVisualStudioVersion = 10.0.40219.1
Project("{FAE04EC0-301F-11D3-BF4B-00C04F79EFBC}") = "Linked_List", "Linked_List\Linked_List.csproj", "{C592FB7D-7486-4597-82AD-A64A5F0255F8}"
EndProject
Global
	GlobalSection(SolutionConfigurationPlatforms) = preSolution
		Debug|Any CPU = Debug|Any CPU
		Release|Any CPU = Release|Any CPU
	EndGlobalSection
	GlobalSection(ProjectConfigurationPlatforms) = postSolution
		{C592FB7D-7486-4597-82AD-A64A5F0255F8}.Debug|Any CPU.ActiveCfg = Debug|Any CPU
		{C592FB7D-7486-4597-82AD-A64A5F0255F8}.Debug|Any CPU.Build.0 = Debug|Any CPU
		{C592FB7D-7486-4597-82AD-A64A5F0255F8}.Release|Any CPU.ActiveCfg = Release|Any CPU
		{C592FB7D-7486-4597-82AD-A64A5F0255F8}.Release|Any CPU.Build.0 = Release|Any CPU
	EndGlobalSection
	GlobalSection(SolutionProperties) = preSolution
		HideSolutionNode = FALSE
	EndGlobalSection
	GlobalSection(ExtensibilityGlobals) = postSolution
		SolutionGuid = {7AC60D36-2EBE-4F44-AAF8-3D44234C3FC1}
	EndGlobalSection
EndGlobal
